
Microsoft Visual Studio Solution File, Format Version 12.00
# Visual Studio Version 17
VisualStudioVersion = 17.5.33516.290
MinimumVisualStudioVersion = 10.0.40219.1
Project("{FAE04EC0-301F-11D3-BF4B-00C04F79EFBC}") = "CSS.Android", "CSS\CSS.Android\CSS.Android.csproj", "{6DF5AEFC-8FBC-47E3-94D2-09D9387CA265}"
EndProject
Project("{FAE04EC0-301F-11D3-BF4B-00C04F79EFBC}") = "CSS.iOS", "CSS\CSS.iOS\CSS.iOS.csproj", "{58A779F3-5427-4B33-AE07-13AC5197BA0A}"
EndProject
Project("{FAE04EC0-301F-11D3-BF4B-00C04F79EFBC}") = "CSS", "CSS\CSS\CSS.csproj", "{6DBB0A4C-3C37-42E6-8993-FED0ADCF344B}"
EndProject
Global
	GlobalSection(SolutionConfigurationPlatforms) = preSolution
		Debug|Any CPU = Debug|Any CPU
		Debug|iPhone = Debug|iPhone
		Debug|iPhoneSimulator = Debug|iPhoneSimulator
		Release|Any CPU = Release|Any CPU
		Release|iPhone = Release|iPhone
		Release|iPhoneSimulator = Release|iPhoneSimulator
	EndGlobalSection
	GlobalSection(ProjectConfigurationPlatforms) = postSolution
		{6DF5AEFC-8FBC-47E3-94D2-09D9387CA265}.Debug|Any CPU.ActiveCfg = Debug|Any CPU
		{6DF5AEFC-8FBC-47E3-94D2-09D9387CA265}.Debug|Any CPU.Build.0 = Debug|Any CPU
		{6DF5AEFC-8FBC-47E3-94D2-09D9387CA265}.Debug|Any CPU.Deploy.0 = Debug|Any CPU
		{6DF5AEFC-8FBC-47E3-94D2-09D9387CA265}.Debug|iPhone.ActiveCfg = Debug|Any CPU
		{6DF5AEFC-8FBC-47E3-94D2-09D9387CA265}.Debug|iPhone.Build.0 = Debug|Any CPU
		{6DF5AEFC-8FBC-47E3-94D2-09D9387CA265}.Debug|iPhone.Deploy.0 = Debug|Any CPU
		{6DF5AEFC-8FBC-47E3-94D2-09D9387CA265}.Debug|iPhoneSimulator.ActiveCfg = Debug|Any CPU
		{6DF5AEFC-8FBC-47E3-94D2-09D9387CA265}.Debug|iPhoneSimulator.Build.0 = Debug|Any CPU
		{6DF5AEFC-8FBC-47E3-94D2-09D9387CA265}.Debug|iPhoneSimulator.Deploy.0 = Debug|Any CPU
		{6DF5AEFC-8FBC-47E3-94D2-09D9387CA265}.Release|Any CPU.ActiveCfg = Release|Any CPU
		{6DF5AEFC-8FBC-47E3-94D2-09D9387CA265}.Release|Any CPU.Build.0 = Release|Any CPU
		{6DF5AEFC-8FBC-47E3-94D2-09D9387CA265}.Release|Any CPU.Deploy.0 = Release|Any CPU
		{6DF5AEFC-8FBC-47E3-94D2-09D9387CA265}.Release|iPhone.ActiveCfg = Release|Any CPU
		{6DF5AEFC-8FBC-47E3-94D2-09D9387CA265}.Release|iPhone.Build.0 = Release|Any CPU
		{6DF5AEFC-8FBC-47E3-94D2-09D9387CA265}.Release|iPhone.Deploy.0 = Release|Any CPU
		{6DF5AEFC-8FBC-47E3-94D2-09D9387CA265}.Release|iPhoneSimulator.ActiveCfg = Release|Any CPU
		{6DF5AEFC-8FBC-47E3-94D2-09D9387CA265}.Release|iPhoneSimulator.Build.0 = Release|Any CPU
		{6DF5AEFC-8FBC-47E3-94D2-09D9387CA265}.Release|iPhoneSimulator.Deploy.0 = Release|Any CPU
		{58A779F3-5427-4B33-AE07-13AC5197BA0A}.Debug|Any CPU.ActiveCfg = Debug|iPhone
		{58A779F3-5427-4B33-AE07-13AC5197BA0A}.Debug|Any CPU.Build.0 = Debug|iPhone
		{58A779F3-5427-4B33-AE07-13AC5197BA0A}.Debug|Any CPU.Deploy.0 = Debug|iPhone
		{58A779F3-5427-4B33-AE07-13AC5197BA0A}.Debug|iPhone.ActiveCfg = Debug|iPhone
		{58A779F3-5427-4B33-AE07-13AC5197BA0A}.Debug|iPhone.Build.0 = Debug|iPhone
		{58A779F3-5427-4B33-AE07-13AC5197BA0A}.Debug|iPhone.Deploy.0 = Debug|iPhone
		{58A779F3-5427-4B33-AE07-13AC5197BA0A}.Debug|iPhoneSimulator.ActiveCfg = Debug|iPhoneSimulator
		{58A779F3-5427-4B33-AE07-13AC5197BA0A}.Debug|iPhoneSimulator.Build.0 = Debug|iPhoneSimulator
		{58A779F3-5427-4B33-AE07-13AC5197BA0A}.Debug|iPhoneSimulator.Deploy.0 = Debug|iPhoneSimulator
		{58A779F3-5427-4B33-AE07-13AC5197BA0A}.Release|Any CPU.ActiveCfg = Release|iPhoneSimulator
		{58A779F3-5427-4B33-AE07-13AC5197BA0A}.Release|Any CPU.Build.0 = Release|iPhoneSimulator
		{58A779F3-5427-4B33-AE07-13AC5197BA0A}.Release|Any CPU.Deploy.0 = Release|iPhoneSimulator
		{58A779F3-5427-4B33-AE07-13AC5197BA0A}.Release|iPhone.ActiveCfg = Release|iPhone
		{58A779F3-5427-4B33-AE07-13AC5197BA0A}.Release|iPhone.Build.0 = Release|iPhone
		{58A779F3-5427-4B33-AE07-13AC5197BA0A}.Release|iPhone.Deploy.0 = Release|iPhone
		{58A779F3-5427-4B33-AE07-13AC5197BA0A}.Release|iPhoneSimulator.ActiveCfg = Release|iPhoneSimulator
		{58A779F3-5427-4B33-AE07-13AC5197BA0A}.Release|iPhoneSimulator.Build.0 = Release|iPhoneSimulator
		{58A779F3-5427-4B33-AE07-13AC5197BA0A}.Release|iPhoneSimulator.Deploy.0 = Release|iPhoneSimulator
		{6DBB0A4C-3C37-42E6-8993-FED0ADCF344B}.Debug|Any CPU.ActiveCfg = Debug|Any CPU
		{6DBB0A4C-3C37-42E6-8993-FED0ADCF344B}.Debug|Any CPU.Build.0 = Debug|Any CPU
		{6DBB0A4C-3C37-42E6-8993-FED0ADCF344B}.Debug|Any CPU.Deploy.0 = Debug|Any CPU
		{6DBB0A4C-3C37-42E6-8993-FED0ADCF344B}.Debug|iPhone.ActiveCfg = Debug|Any CPU
		{6DBB0A4C-3C37-42E6-8993-FED0ADCF344B}.Debug|iPhone.Build.0 = Debug|Any CPU
		{6DBB0A4C-3C37-42E6-8993-FED0ADCF344B}.Debug|iPhone.Deploy.0 = Debug|Any CPU
		{6DBB0A4C-3C37-42E6-8993-FED0ADCF344B}.Debug|iPhoneSimulator.ActiveCfg = Debug|Any CPU
		{6DBB0A4C-3C37-42E6-8993-FED0ADCF344B}.Debug|iPhoneSimulator.Build.0 = Debug|Any CPU
		{6DBB0A4C-3C37-42E6-8993-FED0ADCF344B}.Debug|iPhoneSimulator.Deploy.0 = Debug|Any CPU
		{6DBB0A4C-3C37-42E6-8993-FED0ADCF344B}.Release|Any CPU.ActiveCfg = Release|Any CPU
		{6DBB0A4C-3C37-42E6-8993-FED0ADCF344B}.Release|Any CPU.Build.0 = Release|Any CPU
		{6DBB0A4C-3C37-42E6-8993-FED0ADCF344B}.Release|Any CPU.Deploy.0 = Release|Any CPU
		{6DBB0A4C-3C37-42E6-8993-FED0ADCF344B}.Release|iPhone.ActiveCfg = Release|Any CPU
		{6DBB0A4C-3C37-42E6-8993-FED0ADCF344B}.Release|iPhone.Build.0 = Release|Any CPU
		{6DBB0A4C-3C37-42E6-8993-FED0ADCF344B}.Release|iPhone.Deploy.0 = Release|Any CPU
		{6DBB0A4C-3C37-42E6-8993-FED0ADCF344B}.Release|iPhoneSimulator.ActiveCfg = Release|Any CPU
		{6DBB0A4C-3C37-42E6-8993-FED0ADCF344B}.Release|iPhoneSimulator.Build.0 = Release|Any CPU
		{6DBB0A4C-3C37-42E6-8993-FED0ADCF344B}.Release|iPhoneSimulator.Deploy.0 = Release|Any CPU
	EndGlobalSection
	GlobalSection(SolutionProperties) = preSolution
		HideSolutionNode = FALSE
	EndGlobalSection
	GlobalSection(ExtensibilityGlobals) = postSolution
		SolutionGuid = {731255E6-5252-4697-9E77-9729D1642D5D}
	EndGlobalSection
EndGlobal
